// !$*UTF8*$!
{
	archiveVersion = 1;
	classes = {
	};
	objectVersion = 50;
	objects = {

/* Begin PBXBuildFile section */
		ABC8458D27C54ADE00D8CFDB /* AppDelegate.swift in Sources */ = {isa = PBXBuildFile; fileRef = ABC8458C27C54ADE00D8CFDB /* AppDelegate.swift */; };
		ABC8458F27C54ADE00D8CFDB /* SceneDelegate.swift in Sources */ = {isa = PBXBuildFile; fileRef = ABC8458E27C54ADE00D8CFDB /* SceneDelegate.swift */; };
		ABC8459127C54ADE00D8CFDB /* ViewController.swift in Sources */ = {isa = PBXBuildFile; fileRef = ABC8459027C54ADE00D8CFDB /* ViewController.swift */; };
		ABC8459427C54ADE00D8CFDB /* Main.storyboard in Resources */ = {isa = PBXBuildFile; fileRef = ABC8459227C54ADE00D8CFDB /* Main.storyboard */; };
		ABC8459627C54AE200D8CFDB /* Assets.xcassets in Resources */ = {isa = PBXBuildFile; fileRef = ABC8459527C54AE200D8CFDB /* Assets.xcassets */; };
		ABC8459927C54AE200D8CFDB /* LaunchScreen.storyboard in Resources */ = {isa = PBXBuildFile; fileRef = ABC8459727C54AE200D8CFDB /* LaunchScreen.storyboard */; };
/* End PBXBuildFile section */

/* Begin PBXFileReference section */
		ABC8458927C54ADE00D8CFDB /* HomeWorkTask2.1.app */ = {isa = PBXFileReference; explicitFileType = wrapper.application; includeInIndex = 0; path = HomeWorkTask2.1.app; sourceTree = BUILT_PRODUCTS_DIR; };
		ABC8458C27C54ADE00D8CFDB /* AppDelegate.swift */ = {isa = PBXFileReference; lastKnownFileType = sourcecode.swift; path = AppDelegate.swift; sourceTree = "<group>"; };
		ABC8458E27C54ADE00D8CFDB /* SceneDelegate.swift */ = {isa = PBXFileReference; lastKnownFileType = sourcecode.swift; path = SceneDelegate.swift; sourceTree = "<group>"; };
		ABC8459027C54ADE00D8CFDB /* ViewController.swift */ = {isa = PBXFileReference; lastKnownFileType = sourcecode.swift; path = ViewController.swift; sourceTree = "<group>"; };
		ABC8459327C54ADE00D8CFDB /* Base */ = {isa = PBXFileReference; lastKnownFileType = file.storyboard; name = Base; path = Base.lproj/Main.storyboard; sourceTree = "<group>"; };
		ABC8459527C54AE200D8CFDB /* Assets.xcassets */ = {isa = PBXFileReference; lastKnownFileType = folder.assetcatalog; path = Assets.xcassets; sourceTree = "<group>"; };
		ABC8459827C54AE200D8CFDB /* Base */ = {isa = PBXFileReference; lastKnownFileType = file.storyboard; name = Base; path = Base.lproj/LaunchScreen.storyboard; sourceTree = "<group>"; };
		ABC8459A27C54AE200D8CFDB /* Info.plist */ = {isa = PBXFileReference; lastKnownFileType = text.plist.xml; path = Info.plist; sourceTree = "<group>"; };
/* End PBXFileReference section */

/* Begin PBXFrameworksBuildPhase section */
		ABC8458627C54ADE00D8CFDB /* Frameworks */ = {
			isa = PBXFrameworksBuildPhase;
			buildActionMask = 2147483647;
			files = (
			);
			runOnlyForDeploymentPostprocessing = 0;
		};
/* End PBXFrameworksBuildPhase section */

/* Begin PBXGroup section */
		ABC8458027C54ADE00D8CFDB = {
			isa = PBXGroup;
			children = (
				ABC8458B27C54ADE00D8CFDB /* HomeWorkTask2.1 */,
				ABC8458A27C54ADE00D8CFDB /* Products */,
			);
			sourceTree = "<group>";
		};
		ABC8458A27C54ADE00D8CFDB /* Products */ = {
			isa = PBXGroup;
			children = (
				ABC8458927C54ADE00D8CFDB /* HomeWorkTask2.1.app */,
			);
			name = Products;
			sourceTree = "<group>";
		};
		ABC8458B27C54ADE00D8CFDB /* HomeWorkTask2.1 */ = {
			isa = PBXGroup;
			children = (
				ABC8458C27C54ADE00D8CFDB /* AppDelegate.swift */,
				ABC8458E27C54ADE00D8CFDB /* SceneDelegate.swift */,
				ABC8459027C54ADE00D8CFDB /* ViewController.swift */,
				ABC8459227C54ADE00D8CFDB /* Main.storyboard */,
				ABC8459527C54AE200D8CFDB /* Assets.xcassets */,
				ABC8459727C54AE200D8CFDB /* LaunchScreen.storyboard */,
				ABC8459A27C54AE200D8CFDB /* Info.plist */,
			);
			path = HomeWorkTask2.1;
			sourceTree = "<group>";
		};
/* End PBXGroup section */

/* Begin PBXNativeTarget section */
		ABC8458827C54ADE00D8CFDB /* HomeWorkTask2.1 */ = {
			isa = PBXNativeTarget;
			buildConfigurationList = ABC8459D27C54AE200D8CFDB /* Build configuration list for PBXNativeTarget "HomeWorkTask2.1" */;
			buildPhases = (
				ABC8458527C54ADE00D8CFDB /* Sources */,
				ABC8458627C54ADE00D8CFDB /* Frameworks */,
				ABC8458727C54ADE00D8CFDB /* Resources */,
			);
			buildRules = (
			);
			dependencies = (
			);
			name = HomeWorkTask2.1;
			productName = HomeWorkTask2.1;
			productReference = ABC8458927C54ADE00D8CFDB /* HomeWorkTask2.1.app */;
			productType = "com.apple.product-type.application";
		};
/* End PBXNativeTarget section */

/* Begin PBXProject section */
		ABC8458127C54ADE00D8CFDB /* Project object */ = {
			isa = PBXProject;
			attributes = {
				LastSwiftUpdateCheck = 1250;
				LastUpgradeCheck = 1250;
				TargetAttributes = {
					ABC8458827C54ADE00D8CFDB = {
						CreatedOnToolsVersion = 12.5.1;
					};
				};
			};
			buildConfigurationList = ABC8458427C54ADE00D8CFDB /* Build configuration list for PBXProject "HomeWorkTask2.1" */;
			compatibilityVersion = "Xcode 9.3";
			developmentRegion = en;
			hasScannedForEncodings = 0;
			knownRegions = (
				en,
				Base,
			);
			mainGroup = ABC8458027C54ADE00D8CFDB;
			productRefGroup = ABC8458A27C54ADE00D8CFDB /* Products */;
			projectDirPath = "";
			projectRoot = "";
			targets = (
				ABC8458827C54ADE00D8CFDB /* HomeWorkTask2.1 */,
			);
		};
/* End PBXProject section */

/* Begin PBXResourcesBuildPhase section */
		ABC8458727C54ADE00D8CFDB /* Resources */ = {
			isa = PBXResourcesBuildPhase;
			buildActionMask = 2147483647;
			files = (
				ABC8459927C54AE200D8CFDB /* LaunchScreen.storyboard in Resources */,
				ABC8459627C54AE200D8CFDB /* Assets.xcassets in Resources */,
				ABC8459427C54ADE00D8CFDB /* Main.storyboard in Resources */,
			);
			runOnlyForDeploymentPostprocessing = 0;
		};
/* End PBXResourcesBuildPhase section */

/* Begin PBXSourcesBuildPhase section */
		ABC8458527C54ADE00D8CFDB /* Sources */ = {
			isa = PBXSourcesBuildPhase;
			buildActionMask = 2147483647;
			files = (
				ABC8459127C54ADE00D8CFDB /* ViewController.swift in Sources */,
				ABC8458D27C54ADE00D8CFDB /* AppDelegate.swift in Sources */,
				ABC8458F27C54ADE00D8CFDB /* SceneDelegate.swift in Sources */,
			);
			runOnlyForDeploymentPostprocessing = 0;
		};
/* End PBXSourcesBuildPhase section */

/* Begin PBXVariantGroup section */
		ABC8459227C54ADE00D8CFDB /* Main.storyboard */ = {
			isa = PBXVariantGroup;
			children = (
				ABC8459327C54ADE00D8CFDB /* Base */,
			);
			name = Main.storyboard;
			sourceTree = "<group>";
		};
		ABC8459727C54AE200D8CFDB /* LaunchScreen.storyboard */ = {
			isa = PBXVariantGroup;
			children = (
				ABC8459827C54AE200D8CFDB /* Base */,
			);
			name = LaunchScreen.storyboard;
			sourceTree = "<group>";
		};
/* End PBXVariantGroup section */

/* Begin XCBuildConfiguration section */
		ABC8459B27C54AE200D8CFDB /* Debug */ = {
			isa = XCBuildConfiguration;
			buildSettings = {
				ALWAYS_SEARCH_USER_PATHS = NO;
				CLANG_ANALYZER_NONNULL = YES;
				CLANG_ANALYZER_NUMBER_OBJECT_CONVERSION = YES_AGGRESSIVE;
				CLANG_CXX_LANGUAGE_STANDARD = "gnu++14";
				CLANG_CXX_LIBRARY = "libc++";
				CLANG_ENABLE_MODULES = YES;
				CLANG_ENABLE_OBJC_ARC = YES;
				CLANG_ENABLE_OBJC_WEAK = YES;
				CLANG_WARN_BLOCK_CAPTURE_AUTORELEASING = YES;
				CLANG_WARN_BOOL_CONVERSION = YES;
				CLANG_WARN_COMMA = YES;
				CLANG_WARN_CONSTANT_CONVERSION = YES;
				CLANG_WARN_DEPRECATED_OBJC_IMPLEMENTATIONS = YES;
				CLANG_WARN_DIRECT_OBJC_ISA_USAGE = YES_ERROR;
				CLANG_WARN_DOCUMENTATION_COMMENTS = YES;
				CLANG_WARN_EMPTY_BODY = YES;
				CLANG_WARN_ENUM_CONVERSION = YES;
				CLANG_WARN_INFINITE_RECURSION = YES;
				CLANG_WARN_INT_CONVERSION = YES;
				CLANG_WARN_NON_LITERAL_NULL_CONVERSION = YES;
				CLANG_WARN_OBJC_IMPLICIT_RETAIN_SELF = YES;
				CLANG_WARN_OBJC_LITERAL_CONVERSION = YES;
				CLANG_WARN_OBJC_ROOT_CLASS = YES_ERROR;
				CLANG_WARN_QUOTED_INCLUDE_IN_FRAMEWORK_HEADER = YES;
				CLANG_WARN_RANGE_LOOP_ANALYSIS = YES;
				CLANG_WARN_STRICT_PROTOTYPES = YES;
				CLANG_WARN_SUSPICIOUS_MOVE = YES;
				CLANG_WARN_UNGUARDED_AVAILABILITY = YES_AGGRESSIVE;
				CLANG_WARN_UNREACHABLE_CODE = YES;
				CLANG_WARN__DUPLICATE_METHOD_MATCH = YES;
				COPY_PHASE_STRIP = NO;
				DEBUG_INFORMATION_FORMAT = dwarf;
				ENABLE_STRICT_OBJC_MSGSEND = YES;
				ENABLE_TESTABILITY = YES;
				GCC_C_LANGUAGE_STANDARD = gnu11;
				GCC_DYNAMIC_NO_PIC = NO;
				GCC_NO_COMMON_BLOCKS = YES;
				GCC_OPTIMIZATION_LEVEL = 0;
				GCC_PREPROCESSOR_DEFINITIONS = (
					"DEBUG=1",
					"$(inherited)",
				);
				GCC_WARN_64_TO_32_BIT_CONVERSION = YES;
				GCC_WARN_ABOUT_RETURN_TYPE = YES_ERROR;
				GCC_WARN_UNDECLARED_SELECTOR = YES;
				GCC_WARN_UNINITIALIZED_AUTOS = YES_AGGRESSIVE;
				GCC_WARN_UNUSED_FUNCTION = YES;
				GCC_WARN_UNUSED_VARIABLE = YES;
				IPHONEOS_DEPLOYMENT_TARGET = 14.5;
				MTL_ENABLE_DEBUG_INFO = INCLUDE_SOURCE;
				MTL_FAST_MATH = YES;
				ONLY_ACTIVE_ARCH = YES;
				SDKROOT = iphoneos;
				SWIFT_ACTIVE_COMPILATION_CONDITIONS = DEBUG;
				SWIFT_OPTIMIZATION_LEVEL = "-Onone";
			};
			name = Debug;
		};
		ABC8459C27C54AE200D8CFDB /* Release */ = {
			isa = XCBuildConfiguration;
			buildSettings = {
				ALWAYS_SEARCH_USER_PATHS = NO;
				CLANG_ANALYZER_NONNULL = YES;
				CLANG_ANALYZER_NUMBER_OBJECT_CONVERSION = YES_AGGRESSIVE;
				CLANG_CXX_LANGUAGE_STANDARD = "gnu++14";
				CLANG_CXX_LIBRARY = "libc++";
				CLANG_ENABLE_MODULES = YES;
				CLANG_ENABLE_OBJC_ARC = YES;
				CLANG_ENABLE_OBJC_WEAK = YES;
				CLANG_WARN_BLOCK_CAPTURE_AUTORELEASING = YES;
				CLANG_WARN_BOOL_CONVERSION = YES;
				CLANG_WARN_COMMA = YES;
				CLANG_WARN_CONSTANT_CONVERSION = YES;
				CLANG_WARN_DEPRECATED_OBJC_IMPLEMENTATIONS = YES;
				CLANG_WARN_DIRECT_OBJC_ISA_USAGE = YES_ERROR;
				CLANG_WARN_DOCUMENTATION_COMMENTS = YES;
				CLANG_WARN_EMPTY_BODY = YES;
				CLANG_WARN_ENUM_CONVERSION = YES;
				CLANG_WARN_INFINITE_RECURSION = YES;
				CLANG_WARN_INT_CONVERSION = YES;
				CLANG_WARN_NON_LITERAL_NULL_CONVERSION = YES;
				CLANG_WARN_OBJC_IMPLICIT_RETAIN_SELF = YES;
				CLANG_WARN_OBJC_LITERAL_CONVERSION = YES;
				CLANG_WARN_OBJC_ROOT_CLASS = YES_ERROR;
				CLANG_WARN_QUOTED_INCLUDE_IN_FRAMEWORK_HEADER = YES;
				CLANG_WARN_RANGE_LOOP_ANALYSIS = YES;
				CLANG_WARN_STRICT_PROTOTYPES = YES;
				CLANG_WARN_SUSPICIOUS_MOVE = YES;
				CLANG_WARN_UNGUARDED_AVAILABILITY = YES_AGGRESSIVE;
				CLANG_WARN_UNREACHABLE_CODE = YES;
				CLANG_WARN__DUPLICATE_METHOD_MATCH = YES;
				COPY_PHASE_STRIP = NO;
				DEBUG_INFORMATION_FORMAT = "dwarf-with-dsym";
				ENABLE_NS_ASSERTIONS = NO;
				ENABLE_STRICT_OBJC_MSGSEND = YES;
				GCC_C_LANGUAGE_STANDARD = gnu11;
				GCC_NO_COMMON_BLOCKS = YES;
				GCC_WARN_64_TO_32_BIT_CONVERSION = YES;
				GCC_WARN_ABOUT_RETURN_TYPE = YES_ERROR;
				GCC_WARN_UNDECLARED_SELECTOR = YES;
				GCC_WARN_UNINITIALIZED_AUTOS = YES_AGGRESSIVE;
				GCC_WARN_UNUSED_FUNCTION = YES;
				GCC_WARN_UNUSED_VARIABLE = YES;
				IPHONEOS_DEPLOYMENT_TARGET = 14.5;
				MTL_ENABLE_DEBUG_INFO = NO;
				MTL_FAST_MATH = YES;
				SDKROOT = iphoneos;
				SWIFT_COMPILATION_MODE = wholemodule;
				SWIFT_OPTIMIZATION_LEVEL = "-O";
				VALIDATE_PRODUCT = YES;
			};
			name = Release;
		};
		ABC8459E27C54AE200D8CFDB /* Debug */ = {
			isa = XCBuildConfiguration;
			buildSettings = {
				ASSETCATALOG_COMPILER_APPICON_NAME = AppIcon;
				ASSETCATALOG_COMPILER_GLOBAL_ACCENT_COLOR_NAME = AccentColor;
				CODE_SIGN_STYLE = Automatic;
				DEVELOPMENT_TEAM = 2T2W877SRM;
				INFOPLIST_FILE = HomeWorkTask2.1/Info.plist;
				LD_RUNPATH_SEARCH_PATHS = (
					"$(inherited)",
					"@executable_path/Frameworks",
				);
				PRODUCT_BUNDLE_IDENTIFIER = "com.sharf.HomeWorkTask2-1";
				PRODUCT_NAME = "$(TARGET_NAME)";
				SWIFT_VERSION = 5.0;
				TARGETED_DEVICE_FAMILY = "1,2";
			};
			name = Debug;
		};
		ABC8459F27C54AE200D8CFDB /* Release */ = {
			isa = XCBuildConfiguration;
			buildSettings = {
				ASSETCATALOG_COMPILER_APPICON_NAME = AppIcon;
				ASSETCATALOG_COMPILER_GLOBAL_ACCENT_COLOR_NAME = AccentColor;
				CODE_SIGN_STYLE = Automatic;
				DEVELOPMENT_TEAM = 2T2W877SRM;
				INFOPLIST_FILE = HomeWorkTask2.1/Info.plist;
				LD_RUNPATH_SEARCH_PATHS = (
					"$(inherited)",
					"@executable_path/Frameworks",
				);
				PRODUCT_BUNDLE_IDENTIFIER = "com.sharf.HomeWorkTask2-1";
				PRODUCT_NAME = "$(TARGET_NAME)";
				SWIFT_VERSION = 5.0;
				TARGETED_DEVICE_FAMILY = "1,2";
			};
			name = Release;
		};
/* End XCBuildConfiguration section */

/* Begin XCConfigurationList section */
		ABC8458427C54ADE00D8CFDB /* Build configuration list for PBXProject "HomeWorkTask2.1" */ = {
			isa = XCConfigurationList;
			buildConfigurations = (
				ABC8459B27C54AE200D8CFDB /* Debug */,
				ABC8459C27C54AE200D8CFDB /* Release */,
			);
			defaultConfigurationIsVisible = 0;
			defaultConfigurationName = Release;
		};
		ABC8459D27C54AE200D8CFDB /* Build configuration list for PBXNativeTarget "HomeWorkTask2.1" */ = {
			isa = XCConfigurationList;
			buildConfigurations = (
				ABC8459E27C54AE200D8CFDB /* Debug */,
				ABC8459F27C54AE200D8CFDB /* Release */,
			);
			defaultConfigurationIsVisible = 0;
			defaultConfigurationName = Release;
		};
/* End XCConfigurationList section */
	};
	rootObject = ABC8458127C54ADE00D8CFDB /* Project object */;
}
